{
  "name": "pow-vite-module-federation",
  "version": "1.0.0",
  "lockfileVersion": 3,
  "requires": true,
  "packages": {
    "": {
      "name": "pow-vite-module-federation",
      "version": "1.0.0",
      "workspaces": [
        "packages/host",
        "packages/layout",
        "packages/dashboard"
      ]
    },
    "modules/host": {
      "name": "@federation/host",
      "version": "1.0.0",
      "extraneous": true,
      "license": "ISC"
    },
    "modules/layout": {
      "version": "1.0.0",
      "extraneous": true,
      "license": "ISC",
      "devDependencies": {}
    },
    "node_modules/@federation/dashboard": {
      "resolved": "packages/dashboard",
      "link": true
    },
    "node_modules/@federation/host": {
      "resolved": "packages/host",
      "link": true
    },
    "node_modules/@federation/layout": {
      "resolved": "packages/layout",
      "link": true
    },
    "packages/dashboard": {
      "version": "1.0.0",
      "license": "ISC",
      "devDependencies": {}
    },
    "packages/host": {
      "name": "@federation/host",
      "version": "1.0.0",
      "license": "ISC"
    },
    "packages/layout": {
      "version": "1.0.0",
      "license": "ISC",
      "devDependencies": {}
    }
  }
}
